
Microsoft Visual Studio Solution File, Format Version 12.00
# Visual Studio 14
VisualStudioVersion = 14.0.25420.1
MinimumVisualStudioVersion = 10.0.40219.1
Project("{8BC9CEB8-8B4A-11D0-8D11-00A0C91BC942}") = "CSC3224 - Graphics", "CSC3224 - Graphics\CSC3224 - Graphics.vcxproj", "{541EE072-F524-4D97-9176-4D1BB56C17DD}"
	ProjectSection(ProjectDependencies) = postProject
		{BC1A2495-0822-409F-A914-54D90188D705} = {BC1A2495-0822-409F-A914-54D90188D705}
		{2A6D7CFF-C416-48C1-8665-FB68EEEB04AA} = {2A6D7CFF-C416-48C1-8665-FB68EEEB04AA}
	EndProjectSection
EndProject
Project("{8BC9CEB8-8B4A-11D0-8D11-00A0C91BC942}") = "CSC3224 - Physics", "CSC3224 - Physics\CSC3224 - Physics.vcxproj", "{2A6D7CFF-C416-48C1-8665-FB68EEEB04AA}"
	ProjectSection(ProjectDependencies) = postProject
		{BC1A2495-0822-409F-A914-54D90188D705} = {BC1A2495-0822-409F-A914-54D90188D705}
	EndProjectSection
EndProject
Project("{8BC9CEB8-8B4A-11D0-8D11-00A0C91BC942}") = "CSC3224 - Resource Management", "CSC3224 - Resource Management\CSC3224 - Resource Management.vcxproj", "{BC1A2495-0822-409F-A914-54D90188D705}"
EndProject
Project("{8BC9CEB8-8B4A-11D0-8D11-00A0C91BC942}") = "CSC3224 - Human Interface", "CSC3224 - Human Interface\CSC3224 - Human Interface.vcxproj", "{BCA1605A-C676-4C85-9BFA-6E096AD4A580}"
	ProjectSection(ProjectDependencies) = postProject
		{BC1A2495-0822-409F-A914-54D90188D705} = {BC1A2495-0822-409F-A914-54D90188D705}
	EndProjectSection
EndProject
Project("{8BC9CEB8-8B4A-11D0-8D11-00A0C91BC942}") = "CSC3224 - Initialise and Shutdown", "CSC3224 - Initialise and Shutdown\CSC3224 - Initialise and Shutdown.vcxproj", "{7DD13443-F940-4D06-9651-13F9529A06C3}"
	ProjectSection(ProjectDependencies) = postProject
		{BC1A2495-0822-409F-A914-54D90188D705} = {BC1A2495-0822-409F-A914-54D90188D705}
	EndProjectSection
EndProject
Project("{8BC9CEB8-8B4A-11D0-8D11-00A0C91BC942}") = "CSC3224 - Profiling", "CSC3224 - Profiling\CSC3224 - Profiling.vcxproj", "{08A89F83-084E-4A16-BDFC-AAEDAD61AA64}"
	ProjectSection(ProjectDependencies) = postProject
		{BC1A2495-0822-409F-A914-54D90188D705} = {BC1A2495-0822-409F-A914-54D90188D705}
	EndProjectSection
EndProject
Project("{8BC9CEB8-8B4A-11D0-8D11-00A0C91BC942}") = "CSC3224 - Input and Output", "CSC3224 - Input and Output\CSC3224 - Input and Output.vcxproj", "{1DA3CBD7-47CB-4CCB-A5BE-51EC69AB9E58}"
	ProjectSection(ProjectDependencies) = postProject
		{BC1A2495-0822-409F-A914-54D90188D705} = {BC1A2495-0822-409F-A914-54D90188D705}
	EndProjectSection
EndProject
Project("{8BC9CEB8-8B4A-11D0-8D11-00A0C91BC942}") = "CSC3224 - Audio", "CSC3224 - Audio\CSC3224 - Audio.vcxproj", "{FC8D0220-82BA-4952-8264-8276FBE18808}"
	ProjectSection(ProjectDependencies) = postProject
		{BC1A2495-0822-409F-A914-54D90188D705} = {BC1A2495-0822-409F-A914-54D90188D705}
	EndProjectSection
EndProject
Project("{8BC9CEB8-8B4A-11D0-8D11-00A0C91BC942}") = "CSC3224 - Game", "CSC3224 - Game\CSC3224 - Game.vcxproj", "{B7F395F9-6B3D-412C-B257-D098B53A0F70}"
	ProjectSection(ProjectDependencies) = postProject
		{FC8D0220-82BA-4952-8264-8276FBE18808} = {FC8D0220-82BA-4952-8264-8276FBE18808}
		{7DD13443-F940-4D06-9651-13F9529A06C3} = {7DD13443-F940-4D06-9651-13F9529A06C3}
		{BCA1605A-C676-4C85-9BFA-6E096AD4A580} = {BCA1605A-C676-4C85-9BFA-6E096AD4A580}
		{541EE072-F524-4D97-9176-4D1BB56C17DD} = {541EE072-F524-4D97-9176-4D1BB56C17DD}
		{08A89F83-084E-4A16-BDFC-AAEDAD61AA64} = {08A89F83-084E-4A16-BDFC-AAEDAD61AA64}
		{BC1A2495-0822-409F-A914-54D90188D705} = {BC1A2495-0822-409F-A914-54D90188D705}
		{1DA3CBD7-47CB-4CCB-A5BE-51EC69AB9E58} = {1DA3CBD7-47CB-4CCB-A5BE-51EC69AB9E58}
		{2A6D7CFF-C416-48C1-8665-FB68EEEB04AA} = {2A6D7CFF-C416-48C1-8665-FB68EEEB04AA}
	EndProjectSection
EndProject
Global
	GlobalSection(SolutionConfigurationPlatforms) = preSolution
		Debug|x64 = Debug|x64
		Debug|x86 = Debug|x86
		Release|x64 = Release|x64
		Release|x86 = Release|x86
	EndGlobalSection
	GlobalSection(ProjectConfigurationPlatforms) = postSolution
		{541EE072-F524-4D97-9176-4D1BB56C17DD}.Debug|x64.ActiveCfg = Debug|x64
		{541EE072-F524-4D97-9176-4D1BB56C17DD}.Debug|x64.Build.0 = Debug|x64
		{541EE072-F524-4D97-9176-4D1BB56C17DD}.Debug|x86.ActiveCfg = Debug|Win32
		{541EE072-F524-4D97-9176-4D1BB56C17DD}.Debug|x86.Build.0 = Debug|Win32
		{541EE072-F524-4D97-9176-4D1BB56C17DD}.Release|x64.ActiveCfg = Debug|x64
		{541EE072-F524-4D97-9176-4D1BB56C17DD}.Release|x64.Build.0 = Debug|x64
		{541EE072-F524-4D97-9176-4D1BB56C17DD}.Release|x86.ActiveCfg = Release|Win32
		{541EE072-F524-4D97-9176-4D1BB56C17DD}.Release|x86.Build.0 = Release|Win32
		{2A6D7CFF-C416-48C1-8665-FB68EEEB04AA}.Debug|x64.ActiveCfg = Debug|x64
		{2A6D7CFF-C416-48C1-8665-FB68EEEB04AA}.Debug|x64.Build.0 = Debug|x64
		{2A6D7CFF-C416-48C1-8665-FB68EEEB04AA}.Debug|x86.ActiveCfg = Debug|Win32
		{2A6D7CFF-C416-48C1-8665-FB68EEEB04AA}.Debug|x86.Build.0 = Debug|Win32
		{2A6D7CFF-C416-48C1-8665-FB68EEEB04AA}.Release|x64.ActiveCfg = Debug|x64
		{2A6D7CFF-C416-48C1-8665-FB68EEEB04AA}.Release|x64.Build.0 = Debug|x64
		{2A6D7CFF-C416-48C1-8665-FB68EEEB04AA}.Release|x86.ActiveCfg = Release|Win32
		{2A6D7CFF-C416-48C1-8665-FB68EEEB04AA}.Release|x86.Build.0 = Release|Win32
		{BC1A2495-0822-409F-A914-54D90188D705}.Debug|x64.ActiveCfg = Debug|x64
		{BC1A2495-0822-409F-A914-54D90188D705}.Debug|x64.Build.0 = Debug|x64
		{BC1A2495-0822-409F-A914-54D90188D705}.Debug|x86.ActiveCfg = Debug|Win32
		{BC1A2495-0822-409F-A914-54D90188D705}.Debug|x86.Build.0 = Debug|Win32
		{BC1A2495-0822-409F-A914-54D90188D705}.Release|x64.ActiveCfg = Debug|x64
		{BC1A2495-0822-409F-A914-54D90188D705}.Release|x64.Build.0 = Debug|x64
		{BC1A2495-0822-409F-A914-54D90188D705}.Release|x86.ActiveCfg = Release|Win32
		{BC1A2495-0822-409F-A914-54D90188D705}.Release|x86.Build.0 = Release|Win32
		{BCA1605A-C676-4C85-9BFA-6E096AD4A580}.Debug|x64.ActiveCfg = Debug|x64
		{BCA1605A-C676-4C85-9BFA-6E096AD4A580}.Debug|x64.Build.0 = Debug|x64
		{BCA1605A-C676-4C85-9BFA-6E096AD4A580}.Debug|x86.ActiveCfg = Debug|Win32
		{BCA1605A-C676-4C85-9BFA-6E096AD4A580}.Debug|x86.Build.0 = Debug|Win32
		{BCA1605A-C676-4C85-9BFA-6E096AD4A580}.Release|x64.ActiveCfg = Debug|x64
		{BCA1605A-C676-4C85-9BFA-6E096AD4A580}.Release|x64.Build.0 = Debug|x64
		{BCA1605A-C676-4C85-9BFA-6E096AD4A580}.Release|x86.ActiveCfg = Release|Win32
		{BCA1605A-C676-4C85-9BFA-6E096AD4A580}.Release|x86.Build.0 = Release|Win32
		{7DD13443-F940-4D06-9651-13F9529A06C3}.Debug|x64.ActiveCfg = Debug|x64
		{7DD13443-F940-4D06-9651-13F9529A06C3}.Debug|x64.Build.0 = Debug|x64
		{7DD13443-F940-4D06-9651-13F9529A06C3}.Debug|x86.ActiveCfg = Debug|Win32
		{7DD13443-F940-4D06-9651-13F9529A06C3}.Debug|x86.Build.0 = Debug|Win32
		{7DD13443-F940-4D06-9651-13F9529A06C3}.Release|x64.ActiveCfg = Debug|x64
		{7DD13443-F940-4D06-9651-13F9529A06C3}.Release|x64.Build.0 = Debug|x64
		{7DD13443-F940-4D06-9651-13F9529A06C3}.Release|x86.ActiveCfg = Release|Win32
		{7DD13443-F940-4D06-9651-13F9529A06C3}.Release|x86.Build.0 = Release|Win32
		{08A89F83-084E-4A16-BDFC-AAEDAD61AA64}.Debug|x64.ActiveCfg = Debug|x64
		{08A89F83-084E-4A16-BDFC-AAEDAD61AA64}.Debug|x64.Build.0 = Debug|x64
		{08A89F83-084E-4A16-BDFC-AAEDAD61AA64}.Debug|x86.ActiveCfg = Debug|Win32
		{08A89F83-084E-4A16-BDFC-AAEDAD61AA64}.Debug|x86.Build.0 = Debug|Win32
		{08A89F83-084E-4A16-BDFC-AAEDAD61AA64}.Release|x64.ActiveCfg = Debug|x64
		{08A89F83-084E-4A16-BDFC-AAEDAD61AA64}.Release|x64.Build.0 = Debug|x64
		{08A89F83-084E-4A16-BDFC-AAEDAD61AA64}.Release|x86.ActiveCfg = Release|Win32
		{08A89F83-084E-4A16-BDFC-AAEDAD61AA64}.Release|x86.Build.0 = Release|Win32
		{1DA3CBD7-47CB-4CCB-A5BE-51EC69AB9E58}.Debug|x64.ActiveCfg = Debug|x64
		{1DA3CBD7-47CB-4CCB-A5BE-51EC69AB9E58}.Debug|x64.Build.0 = Debug|x64
		{1DA3CBD7-47CB-4CCB-A5BE-51EC69AB9E58}.Debug|x86.ActiveCfg = Debug|Win32
		{1DA3CBD7-47CB-4CCB-A5BE-51EC69AB9E58}.Debug|x86.Build.0 = Debug|Win32
		{1DA3CBD7-47CB-4CCB-A5BE-51EC69AB9E58}.Release|x64.ActiveCfg = Debug|x64
		{1DA3CBD7-47CB-4CCB-A5BE-51EC69AB9E58}.Release|x64.Build.0 = Debug|x64
		{1DA3CBD7-47CB-4CCB-A5BE-51EC69AB9E58}.Release|x86.ActiveCfg = Release|Win32
		{1DA3CBD7-47CB-4CCB-A5BE-51EC69AB9E58}.Release|x86.Build.0 = Release|Win32
		{FC8D0220-82BA-4952-8264-8276FBE18808}.Debug|x64.ActiveCfg = Debug|x64
		{FC8D0220-82BA-4952-8264-8276FBE18808}.Debug|x64.Build.0 = Debug|x64
		{FC8D0220-82BA-4952-8264-8276FBE18808}.Debug|x86.ActiveCfg = Debug|Win32
		{FC8D0220-82BA-4952-8264-8276FBE18808}.Debug|x86.Build.0 = Debug|Win32
		{FC8D0220-82BA-4952-8264-8276FBE18808}.Release|x64.ActiveCfg = Debug|x64
		{FC8D0220-82BA-4952-8264-8276FBE18808}.Release|x64.Build.0 = Debug|x64
		{FC8D0220-82BA-4952-8264-8276FBE18808}.Release|x86.ActiveCfg = Release|Win32
		{FC8D0220-82BA-4952-8264-8276FBE18808}.Release|x86.Build.0 = Release|Win32
		{B7F395F9-6B3D-412C-B257-D098B53A0F70}.Debug|x64.ActiveCfg = Debug|x64
		{B7F395F9-6B3D-412C-B257-D098B53A0F70}.Debug|x64.Build.0 = Debug|x64
		{B7F395F9-6B3D-412C-B257-D098B53A0F70}.Debug|x86.ActiveCfg = Debug|Win32
		{B7F395F9-6B3D-412C-B257-D098B53A0F70}.Debug|x86.Build.0 = Debug|Win32
		{B7F395F9-6B3D-412C-B257-D098B53A0F70}.Release|x64.ActiveCfg = Debug|x64
		{B7F395F9-6B3D-412C-B257-D098B53A0F70}.Release|x64.Build.0 = Debug|x64
		{B7F395F9-6B3D-412C-B257-D098B53A0F70}.Release|x86.ActiveCfg = Release|Win32
		{B7F395F9-6B3D-412C-B257-D098B53A0F70}.Release|x86.Build.0 = Release|Win32
	EndGlobalSection
	GlobalSection(SolutionProperties) = preSolution
		HideSolutionNode = FALSE
	EndGlobalSection
EndGlobal
