
Microsoft Visual Studio Solution File, Format Version 12.00
# Visual Studio 14
VisualStudioVersion = 14.0.23107.0
MinimumVisualStudioVersion = 10.0.40219.1
Project("{8BC9CEB8-8B4A-11D0-8D11-00A0C91BC942}") = "Initialise and Shutdown", "CSC3224 - CGD\CSC3224 - CGD.vcxproj", "{8942D0A3-FCA1-4954-9F66-110225CBB27C}"
EndProject
Project("{8BC9CEB8-8B4A-11D0-8D11-00A0C91BC942}") = "Graphics", "Graphics\Graphics.vcxproj", "{86B5F126-2177-4685-8F4D-177677B3F6EC}"
EndProject
Project("{8BC9CEB8-8B4A-11D0-8D11-00A0C91BC942}") = "Physics", "Physics\Physics.vcxproj", "{081506AE-5842-4865-93FD-D8CA7BCB7B6D}"
EndProject
Project("{8BC9CEB8-8B4A-11D0-8D11-00A0C91BC942}") = "Resource Management", "Resource Management]\Resource Management].vcxproj", "{C3444F86-47C0-478D-81FA-E1F4ABEB90E9}"
EndProject
Project("{8BC9CEB8-8B4A-11D0-8D11-00A0C91BC942}") = "Human Interface", "Human Interface\Human Interface.vcxproj", "{E798B2B5-F578-4F9D-9F51-C4E23FEC1151}"
EndProject
Project("{8BC9CEB8-8B4A-11D0-8D11-00A0C91BC942}") = "Audio", "Audio\Audio.vcxproj", "{2DEAAD88-22DD-4F97-B09B-A96B4DBD02FF}"
EndProject
Project("{8BC9CEB8-8B4A-11D0-8D11-00A0C91BC942}") = "Profiling", "Profiling\Profiling.vcxproj", "{890D0C99-3517-4F5A-A987-FF03543818D7}"
EndProject
Project("{8BC9CEB8-8B4A-11D0-8D11-00A0C91BC942}") = "File Input and Output", "File Input and Output\File Input and Output.vcxproj", "{E1A3E578-2440-439C-A005-5811896D355A}"
EndProject
Global
	GlobalSection(SolutionConfigurationPlatforms) = preSolution
		Debug|x64 = Debug|x64
		Debug|x86 = Debug|x86
		Release|x64 = Release|x64
		Release|x86 = Release|x86
	EndGlobalSection
	GlobalSection(ProjectConfigurationPlatforms) = postSolution
		{8942D0A3-FCA1-4954-9F66-110225CBB27C}.Debug|x64.ActiveCfg = Debug|x64
		{8942D0A3-FCA1-4954-9F66-110225CBB27C}.Debug|x64.Build.0 = Debug|x64
		{8942D0A3-FCA1-4954-9F66-110225CBB27C}.Debug|x86.ActiveCfg = Debug|Win32
		{8942D0A3-FCA1-4954-9F66-110225CBB27C}.Debug|x86.Build.0 = Debug|Win32
		{8942D0A3-FCA1-4954-9F66-110225CBB27C}.Release|x64.ActiveCfg = Release|x64
		{8942D0A3-FCA1-4954-9F66-110225CBB27C}.Release|x64.Build.0 = Release|x64
		{8942D0A3-FCA1-4954-9F66-110225CBB27C}.Release|x86.ActiveCfg = Release|Win32
		{8942D0A3-FCA1-4954-9F66-110225CBB27C}.Release|x86.Build.0 = Release|Win32
		{86B5F126-2177-4685-8F4D-177677B3F6EC}.Debug|x64.ActiveCfg = Debug|x64
		{86B5F126-2177-4685-8F4D-177677B3F6EC}.Debug|x64.Build.0 = Debug|x64
		{86B5F126-2177-4685-8F4D-177677B3F6EC}.Debug|x86.ActiveCfg = Debug|Win32
		{86B5F126-2177-4685-8F4D-177677B3F6EC}.Debug|x86.Build.0 = Debug|Win32
		{86B5F126-2177-4685-8F4D-177677B3F6EC}.Release|x64.ActiveCfg = Release|x64
		{86B5F126-2177-4685-8F4D-177677B3F6EC}.Release|x64.Build.0 = Release|x64
		{86B5F126-2177-4685-8F4D-177677B3F6EC}.Release|x86.ActiveCfg = Release|Win32
		{86B5F126-2177-4685-8F4D-177677B3F6EC}.Release|x86.Build.0 = Release|Win32
		{081506AE-5842-4865-93FD-D8CA7BCB7B6D}.Debug|x64.ActiveCfg = Debug|x64
		{081506AE-5842-4865-93FD-D8CA7BCB7B6D}.Debug|x64.Build.0 = Debug|x64
		{081506AE-5842-4865-93FD-D8CA7BCB7B6D}.Debug|x86.ActiveCfg = Debug|Win32
		{081506AE-5842-4865-93FD-D8CA7BCB7B6D}.Debug|x86.Build.0 = Debug|Win32
		{081506AE-5842-4865-93FD-D8CA7BCB7B6D}.Release|x64.ActiveCfg = Release|x64
		{081506AE-5842-4865-93FD-D8CA7BCB7B6D}.Release|x64.Build.0 = Release|x64
		{081506AE-5842-4865-93FD-D8CA7BCB7B6D}.Release|x86.ActiveCfg = Release|Win32
		{081506AE-5842-4865-93FD-D8CA7BCB7B6D}.Release|x86.Build.0 = Release|Win32
		{C3444F86-47C0-478D-81FA-E1F4ABEB90E9}.Debug|x64.ActiveCfg = Debug|x64
		{C3444F86-47C0-478D-81FA-E1F4ABEB90E9}.Debug|x64.Build.0 = Debug|x64
		{C3444F86-47C0-478D-81FA-E1F4ABEB90E9}.Debug|x86.ActiveCfg = Debug|Win32
		{C3444F86-47C0-478D-81FA-E1F4ABEB90E9}.Debug|x86.Build.0 = Debug|Win32
		{C3444F86-47C0-478D-81FA-E1F4ABEB90E9}.Release|x64.ActiveCfg = Release|x64
		{C3444F86-47C0-478D-81FA-E1F4ABEB90E9}.Release|x64.Build.0 = Release|x64
		{C3444F86-47C0-478D-81FA-E1F4ABEB90E9}.Release|x86.ActiveCfg = Release|Win32
		{C3444F86-47C0-478D-81FA-E1F4ABEB90E9}.Release|x86.Build.0 = Release|Win32
		{E798B2B5-F578-4F9D-9F51-C4E23FEC1151}.Debug|x64.ActiveCfg = Debug|x64
		{E798B2B5-F578-4F9D-9F51-C4E23FEC1151}.Debug|x64.Build.0 = Debug|x64
		{E798B2B5-F578-4F9D-9F51-C4E23FEC1151}.Debug|x86.ActiveCfg = Debug|Win32
		{E798B2B5-F578-4F9D-9F51-C4E23FEC1151}.Debug|x86.Build.0 = Debug|Win32
		{E798B2B5-F578-4F9D-9F51-C4E23FEC1151}.Release|x64.ActiveCfg = Release|x64
		{E798B2B5-F578-4F9D-9F51-C4E23FEC1151}.Release|x64.Build.0 = Release|x64
		{E798B2B5-F578-4F9D-9F51-C4E23FEC1151}.Release|x86.ActiveCfg = Release|Win32
		{E798B2B5-F578-4F9D-9F51-C4E23FEC1151}.Release|x86.Build.0 = Release|Win32
		{2DEAAD88-22DD-4F97-B09B-A96B4DBD02FF}.Debug|x64.ActiveCfg = Debug|x64
		{2DEAAD88-22DD-4F97-B09B-A96B4DBD02FF}.Debug|x64.Build.0 = Debug|x64
		{2DEAAD88-22DD-4F97-B09B-A96B4DBD02FF}.Debug|x86.ActiveCfg = Debug|Win32
		{2DEAAD88-22DD-4F97-B09B-A96B4DBD02FF}.Debug|x86.Build.0 = Debug|Win32
		{2DEAAD88-22DD-4F97-B09B-A96B4DBD02FF}.Release|x64.ActiveCfg = Release|x64
		{2DEAAD88-22DD-4F97-B09B-A96B4DBD02FF}.Release|x64.Build.0 = Release|x64
		{2DEAAD88-22DD-4F97-B09B-A96B4DBD02FF}.Release|x86.ActiveCfg = Release|Win32
		{2DEAAD88-22DD-4F97-B09B-A96B4DBD02FF}.Release|x86.Build.0 = Release|Win32
		{890D0C99-3517-4F5A-A987-FF03543818D7}.Debug|x64.ActiveCfg = Debug|x64
		{890D0C99-3517-4F5A-A987-FF03543818D7}.Debug|x64.Build.0 = Debug|x64
		{890D0C99-3517-4F5A-A987-FF03543818D7}.Debug|x86.ActiveCfg = Debug|Win32
		{890D0C99-3517-4F5A-A987-FF03543818D7}.Debug|x86.Build.0 = Debug|Win32
		{890D0C99-3517-4F5A-A987-FF03543818D7}.Release|x64.ActiveCfg = Release|x64
		{890D0C99-3517-4F5A-A987-FF03543818D7}.Release|x64.Build.0 = Release|x64
		{890D0C99-3517-4F5A-A987-FF03543818D7}.Release|x86.ActiveCfg = Release|Win32
		{890D0C99-3517-4F5A-A987-FF03543818D7}.Release|x86.Build.0 = Release|Win32
		{E1A3E578-2440-439C-A005-5811896D355A}.Debug|x64.ActiveCfg = Debug|x64
		{E1A3E578-2440-439C-A005-5811896D355A}.Debug|x64.Build.0 = Debug|x64
		{E1A3E578-2440-439C-A005-5811896D355A}.Debug|x86.ActiveCfg = Debug|Win32
		{E1A3E578-2440-439C-A005-5811896D355A}.Debug|x86.Build.0 = Debug|Win32
		{E1A3E578-2440-439C-A005-5811896D355A}.Release|x64.ActiveCfg = Release|x64
		{E1A3E578-2440-439C-A005-5811896D355A}.Release|x64.Build.0 = Release|x64
		{E1A3E578-2440-439C-A005-5811896D355A}.Release|x86.ActiveCfg = Release|Win32
		{E1A3E578-2440-439C-A005-5811896D355A}.Release|x86.Build.0 = Release|Win32
	EndGlobalSection
	GlobalSection(SolutionProperties) = preSolution
		HideSolutionNode = FALSE
	EndGlobalSection
EndGlobal
