
Microsoft Visual Studio Solution File, Format Version 12.00
# Visual Studio 14
VisualStudioVersion = 14.0.25420.1
MinimumVisualStudioVersion = 10.0.40219.1
Project("{FAE04EC0-301F-11D3-BF4B-00C04F79EFBC}") = "CSC3095 - Project", "CSC3095 - Project\CSC3095 - Project.csproj", "{97A55EBC-42F0-4750-BBAD-9F220F5BBB2E}"
EndProject
Global
	GlobalSection(SolutionConfigurationPlatforms) = preSolution
		Debug|Any CPU = Debug|Any CPU
		Release|Any CPU = Release|Any CPU
	EndGlobalSection
	GlobalSection(ProjectConfigurationPlatforms) = postSolution
		{97A55EBC-42F0-4750-BBAD-9F220F5BBB2E}.Debug|Any CPU.ActiveCfg = Debug|Any CPU
		{97A55EBC-42F0-4750-BBAD-9F220F5BBB2E}.Debug|Any CPU.Build.0 = Debug|Any CPU
		{97A55EBC-42F0-4750-BBAD-9F220F5BBB2E}.Release|Any CPU.ActiveCfg = Release|Any CPU
		{97A55EBC-42F0-4750-BBAD-9F220F5BBB2E}.Release|Any CPU.Build.0 = Release|Any CPU
	EndGlobalSection
	GlobalSection(SolutionProperties) = preSolution
		HideSolutionNode = FALSE
	EndGlobalSection
EndGlobal
